
Microsoft Visual Studio Solution File, Format Version 12.00
# Visual Studio Version 17
VisualStudioVersion = 17.11.35201.85
MinimumVisualStudioVersion = 10.0.40219.1
Project("{FAE04EC0-301F-11D3-BF4B-00C04F79EFBC}") = "SampleCrawlDataFromWebsite", "SampleCrawlDataFromWebsite\SampleCrawlDataFromWebsite.csproj", "{6479FECA-0BD8-49A3-86C9-A9AB8AC3CCF8}"
EndProject
Global
	GlobalSection(SolutionConfigurationPlatforms) = preSolution
		Debug|Any CPU = Debug|Any CPU
		Release|Any CPU = Release|Any CPU
	EndGlobalSection
	GlobalSection(ProjectConfigurationPlatforms) = postSolution
		{6479FECA-0BD8-49A3-86C9-A9AB8AC3CCF8}.Debug|Any CPU.ActiveCfg = Debug|Any CPU
		{6479FECA-0BD8-49A3-86C9-A9AB8AC3CCF8}.Debug|Any CPU.Build.0 = Debug|Any CPU
		{6479FECA-0BD8-49A3-86C9-A9AB8AC3CCF8}.Release|Any CPU.ActiveCfg = Release|Any CPU
		{6479FECA-0BD8-49A3-86C9-A9AB8AC3CCF8}.Release|Any CPU.Build.0 = Release|Any CPU
	EndGlobalSection
	GlobalSection(SolutionProperties) = preSolution
		HideSolutionNode = FALSE
	EndGlobalSection
	GlobalSection(ExtensibilityGlobals) = postSolution
		SolutionGuid = {69CD7AE4-6883-4D2B-AB50-AEE53DF203D7}
	EndGlobalSection
EndGlobal
